{
  "version": 4,
  "terraform_version": "1.1.7",
  "serial": 73,
  "lineage": "94e11514-f6f1-b0a4-3306-ff2e333453fb",
  "outputs": {},
  "resources": [
    {
      "mode": "managed",
      "type": "azurerm_eventgrid_event_subscription",
      "name": "nbastoragesubscription1",
      "provider": "provider[\"registry.terraform.io/hashicorp/azurerm\"]",
      "instances": [
        {
          "schema_version": 0,
          "attributes": {
            "advanced_filter": [],
            "advanced_filtering_on_arrays_enabled": false,
            "azure_function_endpoint": [],
            "dead_letter_identity": [],
            "delivery_identity": [],
            "delivery_property": [],
            "event_delivery_schema": "EventGridSchema",
            "eventhub_endpoint": [],
            "eventhub_endpoint_id": null,
            "expiration_time_utc": null,
            "hybrid_connection_endpoint": [],
            "hybrid_connection_endpoint_id": null,
            "id": "/subscriptions/40d5fdc2-f354-475d-b689-9525849a6bd9/resourceGroups/fantasy-nba/providers/Microsoft.Storage/storageAccounts/fantasynba/providers/Microsoft.EventGrid/eventSubscriptions/nbastoragesubscription",
            "included_event_types": [
              "Microsoft.Storage.BlobCreated",
              "Microsoft.Storage.BlobDeleted"
            ],
            "labels": [],
            "name": "nbastoragesubscription",
            "retry_policy": [
              {
                "event_time_to_live": 1440,
                "max_delivery_attempts": 30
              }
            ],
            "scope": "/subscriptions/40d5fdc2-f354-475d-b689-9525849a6bd9/resourceGroups/fantasy-nba/providers/Microsoft.Storage/storageAccounts/fantasynba",
            "service_bus_queue_endpoint_id": null,
            "service_bus_topic_endpoint_id": null,
            "storage_blob_dead_letter_destination": [],
            "storage_queue_endpoint": [
              {
                "queue_message_time_to_live_in_seconds": 0,
                "queue_name": "nbastoragequeue",
                "storage_account_id": "/subscriptions/40d5fdc2-f354-475d-b689-9525849a6bd9/resourceGroups/fantasy-nba/providers/Microsoft.Storage/storageAccounts/fantasynba"
              }
            ],
            "subject_filter": [],
            "timeouts": null,
            "topic_name": null,
            "webhook_endpoint": []
          },
          "sensitive_attributes": [],
          "private": "eyJlMmJmYjczMC1lY2FhLTExZTYtOGY4OC0zNDM2M2JjN2M0YzAiOnsiY3JlYXRlIjoxODAwMDAwMDAwMDAwLCJkZWxldGUiOjE4MDAwMDAwMDAwMDAsInJlYWQiOjMwMDAwMDAwMDAwMCwidXBkYXRlIjoxODAwMDAwMDAwMDAwfX0=",
          "dependencies": [
            "azurerm_resource_group.rg1",
            "azurerm_storage_account.nbastorageacc1",
            "azurerm_storage_queue.nbastoragestoragequeue1"
          ]
        }
      ]
    },
    {
      "mode": "managed",
      "type": "azurerm_resource_group",
      "name": "rg1",
      "provider": "provider[\"registry.terraform.io/hashicorp/azurerm\"]",
      "instances": [
        {
          "schema_version": 0,
          "attributes": {
            "id": "/subscriptions/40d5fdc2-f354-475d-b689-9525849a6bd9/resourceGroups/fantasy-nba",
            "location": "westeurope",
            "name": "fantasy-nba",
            "tags": {},
            "timeouts": null
          },
          "sensitive_attributes": [],
          "private": "eyJlMmJmYjczMC1lY2FhLTExZTYtOGY4OC0zNDM2M2JjN2M0YzAiOnsiY3JlYXRlIjo1NDAwMDAwMDAwMDAwLCJkZWxldGUiOjU0MDAwMDAwMDAwMDAsInJlYWQiOjMwMDAwMDAwMDAwMCwidXBkYXRlIjo1NDAwMDAwMDAwMDAwfX0="
        }
      ]
    },
    {
      "mode": "managed",
      "type": "azurerm_role_assignment",
      "name": "snowflakerolestorageaccount",
      "provider": "provider[\"registry.terraform.io/hashicorp/azurerm\"]",
      "instances": [
        {
          "schema_version": 0,
          "attributes": {
            "condition": "",
            "condition_version": "",
            "delegated_managed_identity_resource_id": "",
            "description": "",
            "id": "/subscriptions/40d5fdc2-f354-475d-b689-9525849a6bd9/resourceGroups/fantasy-nba/providers/Microsoft.Storage/storageAccounts/fantasynba/providers/Microsoft.Authorization/roleAssignments/6a5920d3-ac45-a138-000a-c74b50c65008",
            "name": "6a5920d3-ac45-a138-000a-c74b50c65008",
            "principal_id": "0d6e0089-4fc2-4099-9f20-c5c419d01a6d",
            "principal_type": "ServicePrincipal",
            "role_definition_id": "/subscriptions/40d5fdc2-f354-475d-b689-9525849a6bd9/providers/Microsoft.Authorization/roleDefinitions/ba92f5b4-2d11-453d-a403-e96b0029c9fe",
            "role_definition_name": "Storage Blob Data Contributor",
            "scope": "/subscriptions/40d5fdc2-f354-475d-b689-9525849a6bd9/resourceGroups/fantasy-nba/providers/Microsoft.Storage/storageAccounts/fantasynba",
            "skip_service_principal_aad_check": null,
            "timeouts": null
          },
          "sensitive_attributes": [],
          "private": "eyJlMmJmYjczMC1lY2FhLTExZTYtOGY4OC0zNDM2M2JjN2M0YzAiOnsiY3JlYXRlIjoxODAwMDAwMDAwMDAwLCJkZWxldGUiOjE4MDAwMDAwMDAwMDAsInJlYWQiOjMwMDAwMDAwMDAwMCwidXBkYXRlIjoxODAwMDAwMDAwMDAwfX0=",
          "dependencies": [
            "azurerm_resource_group.rg1",
            "azurerm_storage_account.nbastorageacc1"
          ]
        }
      ]
    },
    {
      "mode": "managed",
      "type": "azurerm_role_assignment",
      "name": "snowflakerolestoragequeue",
      "provider": "provider[\"registry.terraform.io/hashicorp/azurerm\"]",
      "instances": [
        {
          "schema_version": 0,
          "attributes": {
            "condition": "",
            "condition_version": "",
            "delegated_managed_identity_resource_id": "",
            "description": "",
            "id": "/subscriptions/40d5fdc2-f354-475d-b689-9525849a6bd9/resourceGroups/fantasy-nba/providers/Microsoft.Storage/storageAccounts/fantasynba/providers/Microsoft.Authorization/roleAssignments/75053dc5-b790-9da2-088b-e4af68c8788e",
            "name": "75053dc5-b790-9da2-088b-e4af68c8788e",
            "principal_id": "387a68be-33de-4d2d-9ed8-65e6b4d9fb49",
            "principal_type": "ServicePrincipal",
            "role_definition_id": "/subscriptions/40d5fdc2-f354-475d-b689-9525849a6bd9/providers/Microsoft.Authorization/roleDefinitions/ba92f5b4-2d11-453d-a403-e96b0029c9fe",
            "role_definition_name": "Storage Blob Data Contributor",
            "scope": "/subscriptions/40d5fdc2-f354-475d-b689-9525849a6bd9/resourceGroups/fantasy-nba/providers/Microsoft.Storage/storageAccounts/fantasynba",
            "skip_service_principal_aad_check": null,
            "timeouts": null
          },
          "sensitive_attributes": [],
          "private": "eyJlMmJmYjczMC1lY2FhLTExZTYtOGY4OC0zNDM2M2JjN2M0YzAiOnsiY3JlYXRlIjoxODAwMDAwMDAwMDAwLCJkZWxldGUiOjE4MDAwMDAwMDAwMDAsInJlYWQiOjMwMDAwMDAwMDAwMCwidXBkYXRlIjoxODAwMDAwMDAwMDAwfX0=",
          "dependencies": [
            "azurerm_storage_account.nbastorageacc1"
          ]
        }
      ]
    },
    {
      "mode": "managed",
      "type": "azurerm_storage_account",
      "name": "nbastorageacc1",
      "provider": "provider[\"registry.terraform.io/hashicorp/azurerm\"]",
      "instances": [
        {
          "schema_version": 2,
          "attributes": {
            "access_tier": "Hot",
            "account_kind": "StorageV2",
            "account_replication_type": "LRS",
            "account_tier": "Standard",
            "allow_blob_public_access": false,
            "azure_files_authentication": [],
            "blob_properties": [
              {
                "change_feed_enabled": false,
                "container_delete_retention_policy": [],
                "cors_rule": [],
                "default_service_version": "",
                "delete_retention_policy": [],
                "last_access_time_enabled": false,
                "versioning_enabled": false
              }
            ],
            "custom_domain": [],
            "customer_managed_key": [],
            "enable_https_traffic_only": true,
            "id": "/subscriptions/40d5fdc2-f354-475d-b689-9525849a6bd9/resourceGroups/fantasy-nba/providers/Microsoft.Storage/storageAccounts/fantasynba",
            "identity": [],
            "infrastructure_encryption_enabled": false,
            "is_hns_enabled": false,
            "large_file_share_enabled": null,
            "location": "westeurope",
            "min_tls_version": "TLS1_0",
            "name": "fantasynba",
            "network_rules": [
              {
                "bypass": [
                  "AzureServices"
                ],
                "default_action": "Allow",
                "ip_rules": [],
                "private_link_access": [],
                "virtual_network_subnet_ids": []
              }
            ],
            "nfsv3_enabled": false,
            "primary_access_key": "HZlBM0HPf89moIt/32c1Z/NbiIYUoZSl4BTjT7KsT2NJhOUDpEwQIM+NFqJ8YOBv6uV7aTy4aGnbz3G9t1qCcg==",
            "primary_blob_connection_string": "DefaultEndpointsProtocol=https;BlobEndpoint=https://fantasynba.blob.core.windows.net/;AccountName=fantasynba;AccountKey=HZlBM0HPf89moIt/32c1Z/NbiIYUoZSl4BTjT7KsT2NJhOUDpEwQIM+NFqJ8YOBv6uV7aTy4aGnbz3G9t1qCcg==",
            "primary_blob_endpoint": "https://fantasynba.blob.core.windows.net/",
            "primary_blob_host": "fantasynba.blob.core.windows.net",
            "primary_connection_string": "DefaultEndpointsProtocol=https;AccountName=fantasynba;AccountKey=HZlBM0HPf89moIt/32c1Z/NbiIYUoZSl4BTjT7KsT2NJhOUDpEwQIM+NFqJ8YOBv6uV7aTy4aGnbz3G9t1qCcg==;EndpointSuffix=core.windows.net",
            "primary_dfs_endpoint": "https://fantasynba.dfs.core.windows.net/",
            "primary_dfs_host": "fantasynba.dfs.core.windows.net",
            "primary_file_endpoint": "https://fantasynba.file.core.windows.net/",
            "primary_file_host": "fantasynba.file.core.windows.net",
            "primary_location": "westeurope",
            "primary_queue_endpoint": "https://fantasynba.queue.core.windows.net/",
            "primary_queue_host": "fantasynba.queue.core.windows.net",
            "primary_table_endpoint": "https://fantasynba.table.core.windows.net/",
            "primary_table_host": "fantasynba.table.core.windows.net",
            "primary_web_endpoint": "https://fantasynba.z6.web.core.windows.net/",
            "primary_web_host": "fantasynba.z6.web.core.windows.net",
            "queue_encryption_key_type": "Service",
            "queue_properties": [
              {
                "cors_rule": [],
                "hour_metrics": [
                  {
                    "enabled": true,
                    "include_apis": true,
                    "retention_policy_days": 7,
                    "version": "1.0"
                  }
                ],
                "logging": [
                  {
                    "delete": false,
                    "read": false,
                    "retention_policy_days": 0,
                    "version": "1.0",
                    "write": false
                  }
                ],
                "minute_metrics": [
                  {
                    "enabled": false,
                    "include_apis": false,
                    "retention_policy_days": 0,
                    "version": "1.0"
                  }
                ]
              }
            ],
            "resource_group_name": "fantasy-nba",
            "routing": [],
            "secondary_access_key": "Y3i03ZiK2zq8+p95JuZtJjj43VRbZBd1BLEvAgybVy5YMDQn1BXyrsqIW4bhl9l5mmcDGCLQN7hVLtsQPt48UA==",
            "secondary_blob_connection_string": "",
            "secondary_blob_endpoint": null,
            "secondary_blob_host": null,
            "secondary_connection_string": "DefaultEndpointsProtocol=https;AccountName=fantasynba;AccountKey=Y3i03ZiK2zq8+p95JuZtJjj43VRbZBd1BLEvAgybVy5YMDQn1BXyrsqIW4bhl9l5mmcDGCLQN7hVLtsQPt48UA==;EndpointSuffix=core.windows.net",
            "secondary_dfs_endpoint": null,
            "secondary_dfs_host": null,
            "secondary_file_endpoint": null,
            "secondary_file_host": null,
            "secondary_location": "",
            "secondary_queue_endpoint": null,
            "secondary_queue_host": null,
            "secondary_table_endpoint": null,
            "secondary_table_host": null,
            "secondary_web_endpoint": null,
            "secondary_web_host": null,
            "share_properties": [
              {
                "cors_rule": [],
                "retention_policy": [
                  {
                    "days": 7
                  }
                ],
                "smb": []
              }
            ],
            "shared_access_key_enabled": true,
            "static_website": [],
            "table_encryption_key_type": "Service",
            "tags": {},
            "timeouts": null
          },
          "sensitive_attributes": [],
          "private": "eyJlMmJmYjczMC1lY2FhLTExZTYtOGY4OC0zNDM2M2JjN2M0YzAiOnsiY3JlYXRlIjozNjAwMDAwMDAwMDAwLCJkZWxldGUiOjM2MDAwMDAwMDAwMDAsInJlYWQiOjMwMDAwMDAwMDAwMCwidXBkYXRlIjozNjAwMDAwMDAwMDAwfSwic2NoZW1hX3ZlcnNpb24iOiIyIn0=",
          "dependencies": [
            "azurerm_resource_group.rg1"
          ]
        }
      ]
    },
    {
      "mode": "managed",
      "type": "azurerm_storage_container",
      "name": "gamesplayedstoragecontainer1",
      "provider": "provider[\"registry.terraform.io/hashicorp/azurerm\"]",
      "instances": [
        {
          "schema_version": 1,
          "attributes": {
            "container_access_type": "private",
            "has_immutability_policy": false,
            "has_legal_hold": false,
            "id": "https://fantasynba.blob.core.windows.net/gamesplayed",
            "metadata": {},
            "name": "gamesplayed",
            "resource_manager_id": "/subscriptions/40d5fdc2-f354-475d-b689-9525849a6bd9/resourceGroups/fantasy-nba/providers/Microsoft.Storage/storageAccounts/fantasynba/blobServices/default/containers/gamesplayed",
            "storage_account_name": "fantasynba",
            "timeouts": null
          },
          "sensitive_attributes": [],
          "private": "eyJlMmJmYjczMC1lY2FhLTExZTYtOGY4OC0zNDM2M2JjN2M0YzAiOnsiY3JlYXRlIjoxODAwMDAwMDAwMDAwLCJkZWxldGUiOjE4MDAwMDAwMDAwMDAsInJlYWQiOjMwMDAwMDAwMDAwMCwidXBkYXRlIjoxODAwMDAwMDAwMDAwfSwic2NoZW1hX3ZlcnNpb24iOiIxIn0=",
          "dependencies": [
            "azurerm_resource_group.rg1",
            "azurerm_storage_account.nbastorageacc1"
          ]
        }
      ]
    },
    {
      "mode": "managed",
      "type": "azurerm_storage_container",
      "name": "playerstatsstoragecontainer1",
      "provider": "provider[\"registry.terraform.io/hashicorp/azurerm\"]",
      "instances": [
        {
          "schema_version": 1,
          "attributes": {
            "container_access_type": "private",
            "has_immutability_policy": false,
            "has_legal_hold": false,
            "id": "https://fantasynba.blob.core.windows.net/playerstats",
            "metadata": {},
            "name": "playerstats",
            "resource_manager_id": "/subscriptions/40d5fdc2-f354-475d-b689-9525849a6bd9/resourceGroups/fantasy-nba/providers/Microsoft.Storage/storageAccounts/fantasynba/blobServices/default/containers/playerstats",
            "storage_account_name": "fantasynba",
            "timeouts": null
          },
          "sensitive_attributes": [],
          "private": "eyJlMmJmYjczMC1lY2FhLTExZTYtOGY4OC0zNDM2M2JjN2M0YzAiOnsiY3JlYXRlIjoxODAwMDAwMDAwMDAwLCJkZWxldGUiOjE4MDAwMDAwMDAwMDAsInJlYWQiOjMwMDAwMDAwMDAwMCwidXBkYXRlIjoxODAwMDAwMDAwMDAwfSwic2NoZW1hX3ZlcnNpb24iOiIxIn0=",
          "dependencies": [
            "azurerm_resource_group.rg1",
            "azurerm_storage_account.nbastorageacc1"
          ]
        }
      ]
    },
    {
      "mode": "managed",
      "type": "azurerm_storage_queue",
      "name": "nbastoragestoragequeue1",
      "provider": "provider[\"registry.terraform.io/hashicorp/azurerm\"]",
      "instances": [
        {
          "schema_version": 1,
          "attributes": {
            "id": "https://fantasynba.queue.core.windows.net/nbastoragequeue",
            "metadata": {},
            "name": "nbastoragequeue",
            "storage_account_name": "fantasynba",
            "timeouts": null
          },
          "sensitive_attributes": [],
          "private": "eyJlMmJmYjczMC1lY2FhLTExZTYtOGY4OC0zNDM2M2JjN2M0YzAiOnsiY3JlYXRlIjoxODAwMDAwMDAwMDAwLCJkZWxldGUiOjE4MDAwMDAwMDAwMDAsInJlYWQiOjMwMDAwMDAwMDAwMCwidXBkYXRlIjoxODAwMDAwMDAwMDAwfSwic2NoZW1hX3ZlcnNpb24iOiIxIn0=",
          "dependencies": [
            "azurerm_resource_group.rg1",
            "azurerm_storage_account.nbastorageacc1"
          ]
        }
      ]
    }
  ]
}
